github.com/ichunt2019/go-rabbitmq v1.0.1 h1:qHhpGm9v7jnhSBo3f3viX+BSky9yugp9lCSV03eYsF4=
github.com/ichunt2019/go-rabbitmq v1.0.1/go.mod h1:TQsZ1XWULyvm4UwpYHwNPtOXYbuVvLLI0GM7g/BRy68=
github.com/streadway/amqp v0.0.0-20200108173154-1c71cc93ed71 h1:2MR0pKUzlP3SGgj5NYJe/zRYDwOu9ku6YHy+Iw7l5DM=
github.com/streadway/amqp v0.0.0-20200108173154-1c71cc93ed71/go.mod h1:AZpEONHx3DKn8O/DFsRAY58/XVQiIPMTMB1SddzLXVw=
